# This file was autogenerated by Stack.
# You should not edit this file by hand.
# For more information, please see the documentation at:
#   https://docs.haskellstack.org/en/stable/lock_files

packages:
- completed:
    hackage: proto-lens-setup-0.4.0.6@sha256:42765a1e1bdf61d3f3e8a4cca60bb9534d59e37541d5ba1927e3224420f4e475,3121
    pantry-tree:
      sha256: e7024619c506492ae4c6bdcdd64051c4af5481f289d156aec8302f636686075c
      size: 235
  original:
    hackage: proto-lens-setup-0.4.0.6
- completed:
    hackage: proto-lens-0.7.1.3@sha256:2d56bf8c37e21d741385e155d0dd327468ab1bc6897d10b0462b7e241d8e61a3,2973
    pantry-tree:
      sha256: aa23b37148ad8d0b74b66bfd36dfffa8ea375a865d0f38399f898ea7c7c8cb36
      size: 1857
  original:
    hackage: proto-lens-0.7.1.3@sha256:2d56bf8c37e21d741385e155d0dd327468ab1bc6897d10b0462b7e241d8e61a3,2973
- completed:
    hackage: proto-lens-runtime-0.7.0.4@sha256:1a64cb98b49541e53ea8a19270d7247960445083a2327a091ce0a1cafdef16f3,3051
    pantry-tree:
      sha256: 8b82a336d432e0caff944ea5315be498b1a3e5f116ae9a34a190f92d50892a14
      size: 168
  original:
    hackage: proto-lens-runtime-0.7.0.4
- completed:
    hackage: proto-lens-protoc-0.7.1.1@sha256:4b3b97d5caac9a9f8a85d426d5ad8a129f36e852dd05f42e614d9912030b9700,2233
    pantry-tree:
      sha256: 29b98e24202b2bc2f1d6a02c368ea943534eed236253a4cd7ff8d26a98a5e626
      size: 1219
  original:
    hackage: proto-lens-protoc-0.7.1.1@sha256:4b3b97d5caac9a9f8a85d426d5ad8a129f36e852dd05f42e614d9912030b9700,2233
- completed:
    hackage: ghc-source-gen-0.4.3.0@sha256:9058ddc2e3201d7b2e5a91b79d76f952c5fb01fb34d742143e9c9b365589ad35,4392
    pantry-tree:
      sha256: 77f03e68a39c6deacd47effa4162e647ecdd83946d5a5f22172847e91e830ee7
      size: 3250
  original:
    hackage: ghc-source-gen-0.4.3.0
snapshots:
- completed:
    sha256: 5a59b2a405b3aba3c00188453be172b85893cab8ebc352b1ef58b0eae5d248a2
    size: 650475
    url: https://raw.githubusercontent.com/commercialhaskell/stackage-snapshots/master/lts/20/26.yaml
  original:
    url: https://raw.githubusercontent.com/commercialhaskell/stackage-snapshots/master/lts/20/26.yaml
